
Microsoft Visual Studio Solution File, Format Version 12.00
# Visual Studio Version 17
VisualStudioVersion = 17.6.33815.320
MinimumVisualStudioVersion = 10.0.40219.1
Project("{54A90642-561A-4BB1-A94E-469ADEE60C69}") = "vueapp", "vueapp\vueapp.esproj", "{91D4AE55-3D75-4D33-B0A9-8561E89694E1}"
EndProject
Project("{9A19103F-16F7-4668-BE54-9A1E7A4F7556}") = "webapi", "webapi\webapi.csproj", "{32277229-26B4-487A-9F8E-567BF5CFA96B}"
EndProject
Global
	GlobalSection(SolutionConfigurationPlatforms) = preSolution
		Debug|Any CPU = Debug|Any CPU
		Release|Any CPU = Release|Any CPU
	EndGlobalSection
	GlobalSection(ProjectConfigurationPlatforms) = postSolution
		{91D4AE55-3D75-4D33-B0A9-8561E89694E1}.Debug|Any CPU.ActiveCfg = Debug|Any CPU
		{91D4AE55-3D75-4D33-B0A9-8561E89694E1}.Debug|Any CPU.Build.0 = Debug|Any CPU
		{91D4AE55-3D75-4D33-B0A9-8561E89694E1}.Debug|Any CPU.Deploy.0 = Debug|Any CPU
		{91D4AE55-3D75-4D33-B0A9-8561E89694E1}.Release|Any CPU.ActiveCfg = Release|Any CPU
		{91D4AE55-3D75-4D33-B0A9-8561E89694E1}.Release|Any CPU.Build.0 = Release|Any CPU
		{91D4AE55-3D75-4D33-B0A9-8561E89694E1}.Release|Any CPU.Deploy.0 = Release|Any CPU
		{32277229-26B4-487A-9F8E-567BF5CFA96B}.Debug|Any CPU.ActiveCfg = Debug|Any CPU
		{32277229-26B4-487A-9F8E-567BF5CFA96B}.Debug|Any CPU.Build.0 = Debug|Any CPU
		{32277229-26B4-487A-9F8E-567BF5CFA96B}.Release|Any CPU.ActiveCfg = Release|Any CPU
		{32277229-26B4-487A-9F8E-567BF5CFA96B}.Release|Any CPU.Build.0 = Release|Any CPU
	EndGlobalSection
	GlobalSection(SolutionProperties) = preSolution
		HideSolutionNode = FALSE
	EndGlobalSection
	GlobalSection(ExtensibilityGlobals) = postSolution
		SolutionGuid = {58275409-74E6-4C5B-973F-25C32DCC705B}
	EndGlobalSection
EndGlobal
